
Microsoft Visual Studio Solution File, Format Version 12.00
# Visual Studio Version 16
VisualStudioVersion = 16.0.29609.76
MinimumVisualStudioVersion = 10.0.40219.1
Project("{FAE04EC0-301F-11D3-BF4B-00C04F79EFBC}") = "PS4KeyboardAndMouseAdapter", "PS4KeyboardAndMouseAdapter\PS4KeyboardAndMouseAdapter.csproj", "{83AB8AF6-562F-496E-82EB-1D67FF83DB4F}"
EndProject
Project("{FAE04EC0-301F-11D3-BF4B-00C04F79EFBC}") = "PS4RemotePlayInjection", "PS4RemotePlayInjection\PS4RemotePlayInjection.csproj", "{D3D6F621-7CB9-4992-80AC-FF9745D974EC}"
EndProject
Project("{2150E333-8FDC-42A3-9474-1A3956D46DE8}") = "Solution Items", "Solution Items", "{9FF1BB60-DFEF-4108-A4A6-945C22D8882C}"
	ProjectSection(SolutionItems) = preProject
		.editorconfig = .editorconfig
		.gitignore = .gitignore
		build-and-run.sh = build-and-run.sh
		build.ps1 = build.ps1
		manualBuild\default-mappings.json = manualBuild\default-mappings.json
		documentation\developer-notes.md = documentation\developer-notes.md
		LICENSE = LICENSE
		documentation\mouse-configuration.md = documentation\mouse-configuration.md
		manualBuild\my-mappings.json = manualBuild\my-mappings.json
		README.md = README.md
	EndProjectSection
EndProject
Project("{2150E333-8FDC-42A3-9474-1A3956D46DE8}") = "Documentation", "Documentation", "{0439F286-1E5F-4B55-B902-F7EF43C7B22B}"
	ProjectSection(SolutionItems) = preProject
		documentation\developer-notes.md = documentation\developer-notes.md
		documentation\frequently-asked-questions.md = documentation\frequently-asked-questions.md
		documentation\keyboard-keys-map.md = documentation\keyboard-keys-map.md
		documentation\mouse-configuration.md = documentation\mouse-configuration.md
		documentation\release-checklist.md = documentation\release-checklist.md
		documentation\troubleshooting.md = documentation\troubleshooting.md
		documentation\version-history.md = documentation\version-history.md
	EndProjectSection
EndProject
Project("{2150E333-8FDC-42A3-9474-1A3956D46DE8}") = "profiles", "profiles", "{3A058E3E-00BF-404D-A7CC-F69777503A76}"
	ProjectSection(SolutionItems) = preProject
		profiles\default-profile.json = profiles\default-profile.json
		profiles\pancakes-destiny-profile.json = profiles\pancakes-destiny-profile.json
	EndProjectSection
EndProject
Global
	GlobalSection(SolutionConfigurationPlatforms) = preSolution
		Debug|Any CPU = Debug|Any CPU
		Debug|x64 = Debug|x64
		Release|Any CPU = Release|Any CPU
		Release|x64 = Release|x64
	EndGlobalSection
	GlobalSection(ProjectConfigurationPlatforms) = postSolution
		{83AB8AF6-562F-496E-82EB-1D67FF83DB4F}.Debug|Any CPU.ActiveCfg = Debug|x64
		{83AB8AF6-562F-496E-82EB-1D67FF83DB4F}.Debug|Any CPU.Build.0 = Debug|x64
		{83AB8AF6-562F-496E-82EB-1D67FF83DB4F}.Debug|x64.ActiveCfg = Debug|x64
		{83AB8AF6-562F-496E-82EB-1D67FF83DB4F}.Debug|x64.Build.0 = Debug|x64
		{83AB8AF6-562F-496E-82EB-1D67FF83DB4F}.Release|Any CPU.ActiveCfg = Release|Any CPU
		{83AB8AF6-562F-496E-82EB-1D67FF83DB4F}.Release|Any CPU.Build.0 = Release|Any CPU
		{83AB8AF6-562F-496E-82EB-1D67FF83DB4F}.Release|x64.ActiveCfg = Release|x64
		{83AB8AF6-562F-496E-82EB-1D67FF83DB4F}.Release|x64.Build.0 = Release|x64
		{D3D6F621-7CB9-4992-80AC-FF9745D974EC}.Debug|Any CPU.ActiveCfg = Debug|Any CPU
		{D3D6F621-7CB9-4992-80AC-FF9745D974EC}.Debug|Any CPU.Build.0 = Debug|Any CPU
		{D3D6F621-7CB9-4992-80AC-FF9745D974EC}.Debug|x64.ActiveCfg = Debug|x64
		{D3D6F621-7CB9-4992-80AC-FF9745D974EC}.Debug|x64.Build.0 = Debug|x64
		{D3D6F621-7CB9-4992-80AC-FF9745D974EC}.Release|Any CPU.ActiveCfg = Release|Any CPU
		{D3D6F621-7CB9-4992-80AC-FF9745D974EC}.Release|Any CPU.Build.0 = Release|Any CPU
		{D3D6F621-7CB9-4992-80AC-FF9745D974EC}.Release|x64.ActiveCfg = Release|x64
		{D3D6F621-7CB9-4992-80AC-FF9745D974EC}.Release|x64.Build.0 = Release|x64
	EndGlobalSection
	GlobalSection(SolutionProperties) = preSolution
		HideSolutionNode = FALSE
	EndGlobalSection
	GlobalSection(NestedProjects) = preSolution
		{0439F286-1E5F-4B55-B902-F7EF43C7B22B} = {9FF1BB60-DFEF-4108-A4A6-945C22D8882C}
		{3A058E3E-00BF-404D-A7CC-F69777503A76} = {9FF1BB60-DFEF-4108-A4A6-945C22D8882C}
	EndGlobalSection
	GlobalSection(ExtensibilityGlobals) = postSolution
		SolutionGuid = {215189D4-FCF7-4F3E-BC57-0EA3347DD037}
	EndGlobalSection
EndGlobal
